
Microsoft Visual Studio Solution File, Format Version 12.00
# Visual Studio 15
VisualStudioVersion = 15.0.27004.2009
MinimumVisualStudioVersion = 10.0.40219.1
Project("{9A19103F-16F7-4668-BE54-9A1E7A4F7556}") = "Voyager", "Voyager\Voyager.csproj", "{69353801-749C-4D80-BCAD-7F3D0C99BAC3}"
EndProject
Project("{9A19103F-16F7-4668-BE54-9A1E7A4F7556}") = "Voyager.App", "Voyager.App\Voyager.App.csproj", "{7A8F2F1F-7DF2-432B-84B5-91B11BC3B685}"
EndProject
Global
	GlobalSection(SolutionConfigurationPlatforms) = preSolution
		Debug|Any CPU = Debug|Any CPU
		Release|Any CPU = Release|Any CPU
		VGER_APC|Any CPU = VGER_APC|Any CPU
		VGER_DEV|Any CPU = VGER_DEV|Any CPU
		VGER_DXB|Any CPU = VGER_DXB|Any CPU
		VGER_DXBUAT|Any CPU = VGER_DXBUAT|Any CPU
		VGER_IND|Any CPU = VGER_IND|Any CPU
		VGER_LON|Any CPU = VGER_LON|Any CPU
		VGER_UAT|Any CPU = VGER_UAT|Any CPU
	EndGlobalSection
	GlobalSection(ProjectConfigurationPlatforms) = postSolution
		{69353801-749C-4D80-BCAD-7F3D0C99BAC3}.Debug|Any CPU.ActiveCfg = Debug|Any CPU
		{69353801-749C-4D80-BCAD-7F3D0C99BAC3}.Debug|Any CPU.Build.0 = Debug|Any CPU
		{69353801-749C-4D80-BCAD-7F3D0C99BAC3}.Release|Any CPU.ActiveCfg = Release|Any CPU
		{69353801-749C-4D80-BCAD-7F3D0C99BAC3}.Release|Any CPU.Build.0 = Release|Any CPU
		{69353801-749C-4D80-BCAD-7F3D0C99BAC3}.VGER_APC|Any CPU.ActiveCfg = VGER_APC|Any CPU
		{69353801-749C-4D80-BCAD-7F3D0C99BAC3}.VGER_APC|Any CPU.Build.0 = VGER_APC|Any CPU
		{69353801-749C-4D80-BCAD-7F3D0C99BAC3}.VGER_DEV|Any CPU.ActiveCfg = VGER_DEV|Any CPU
		{69353801-749C-4D80-BCAD-7F3D0C99BAC3}.VGER_DEV|Any CPU.Build.0 = VGER_DEV|Any CPU
		{69353801-749C-4D80-BCAD-7F3D0C99BAC3}.VGER_DXB|Any CPU.ActiveCfg = VGER_DXB|Any CPU
		{69353801-749C-4D80-BCAD-7F3D0C99BAC3}.VGER_DXB|Any CPU.Build.0 = VGER_DXB|Any CPU
		{69353801-749C-4D80-BCAD-7F3D0C99BAC3}.VGER_DXBUAT|Any CPU.ActiveCfg = VGER_DXBUAT|Any CPU
		{69353801-749C-4D80-BCAD-7F3D0C99BAC3}.VGER_DXBUAT|Any CPU.Build.0 = VGER_DXBUAT|Any CPU
		{69353801-749C-4D80-BCAD-7F3D0C99BAC3}.VGER_IND|Any CPU.ActiveCfg = VGER_IND|Any CPU
		{69353801-749C-4D80-BCAD-7F3D0C99BAC3}.VGER_IND|Any CPU.Build.0 = VGER_IND|Any CPU
		{69353801-749C-4D80-BCAD-7F3D0C99BAC3}.VGER_LON|Any CPU.ActiveCfg = VGER_LON|Any CPU
		{69353801-749C-4D80-BCAD-7F3D0C99BAC3}.VGER_LON|Any CPU.Build.0 = VGER_LON|Any CPU
		{69353801-749C-4D80-BCAD-7F3D0C99BAC3}.VGER_UAT|Any CPU.ActiveCfg = VGER_LON|Any CPU
		{69353801-749C-4D80-BCAD-7F3D0C99BAC3}.VGER_UAT|Any CPU.Build.0 = VGER_LON|Any CPU
		{7A8F2F1F-7DF2-432B-84B5-91B11BC3B685}.Debug|Any CPU.ActiveCfg = Debug|Any CPU
		{7A8F2F1F-7DF2-432B-84B5-91B11BC3B685}.Debug|Any CPU.Build.0 = Debug|Any CPU
		{7A8F2F1F-7DF2-432B-84B5-91B11BC3B685}.Release|Any CPU.ActiveCfg = Release|Any CPU
		{7A8F2F1F-7DF2-432B-84B5-91B11BC3B685}.Release|Any CPU.Build.0 = Release|Any CPU
		{7A8F2F1F-7DF2-432B-84B5-91B11BC3B685}.VGER_APC|Any CPU.ActiveCfg = VGER_APC|Any CPU
		{7A8F2F1F-7DF2-432B-84B5-91B11BC3B685}.VGER_APC|Any CPU.Build.0 = VGER_APC|Any CPU
		{7A8F2F1F-7DF2-432B-84B5-91B11BC3B685}.VGER_DEV|Any CPU.ActiveCfg = VGER_DEV|Any CPU
		{7A8F2F1F-7DF2-432B-84B5-91B11BC3B685}.VGER_DEV|Any CPU.Build.0 = VGER_DEV|Any CPU
		{7A8F2F1F-7DF2-432B-84B5-91B11BC3B685}.VGER_DXB|Any CPU.ActiveCfg = VGER_DXB|Any CPU
		{7A8F2F1F-7DF2-432B-84B5-91B11BC3B685}.VGER_DXB|Any CPU.Build.0 = VGER_DXB|Any CPU
		{7A8F2F1F-7DF2-432B-84B5-91B11BC3B685}.VGER_DXBUAT|Any CPU.ActiveCfg = VGER_DXBUAT|Any CPU
		{7A8F2F1F-7DF2-432B-84B5-91B11BC3B685}.VGER_DXBUAT|Any CPU.Build.0 = VGER_DXBUAT|Any CPU
		{7A8F2F1F-7DF2-432B-84B5-91B11BC3B685}.VGER_IND|Any CPU.ActiveCfg = VGER_IND|Any CPU
		{7A8F2F1F-7DF2-432B-84B5-91B11BC3B685}.VGER_IND|Any CPU.Build.0 = VGER_IND|Any CPU
		{7A8F2F1F-7DF2-432B-84B5-91B11BC3B685}.VGER_LON|Any CPU.ActiveCfg = VGER_LON|Any CPU
		{7A8F2F1F-7DF2-432B-84B5-91B11BC3B685}.VGER_LON|Any CPU.Build.0 = VGER_LON|Any CPU
		{7A8F2F1F-7DF2-432B-84B5-91B11BC3B685}.VGER_UAT|Any CPU.ActiveCfg = VGER_LON|Any CPU
		{7A8F2F1F-7DF2-432B-84B5-91B11BC3B685}.VGER_UAT|Any CPU.Build.0 = VGER_LON|Any CPU
	EndGlobalSection
	GlobalSection(SolutionProperties) = preSolution
		HideSolutionNode = FALSE
	EndGlobalSection
	GlobalSection(ExtensibilityGlobals) = postSolution
		SolutionGuid = {F9DEC5D2-A715-4EA0-85B3-274E602B0284}
	EndGlobalSection
EndGlobal
